// !$*UTF8*$!
{
	archiveVersion = 1;
	classes = {
	};
	objectVersion = 46;
	objects = {

/* Begin PBXBuildFile section */
		EA29D29B1DE7E44800568B03 /* AppDelegate.swift in Sources */ = {isa = PBXBuildFile; fileRef = EA29D29A1DE7E44800568B03 /* AppDelegate.swift */; };
		EA29D29D1DE7E44800568B03 /* ViewController.swift in Sources */ = {isa = PBXBuildFile; fileRef = EA29D29C1DE7E44800568B03 /* ViewController.swift */; };
		EA29D2A01DE7E44800568B03 /* Main.storyboard in Resources */ = {isa = PBXBuildFile; fileRef = EA29D29E1DE7E44800568B03 /* Main.storyboard */; };
		EA29D2A31DE7E44800568B03 /* temp.xcdatamodeld in Sources */ = {isa = PBXBuildFile; fileRef = EA29D2A11DE7E44800568B03 /* temp.xcdatamodeld */; };
		EA29D2A51DE7E44800568B03 /* Assets.xcassets in Resources */ = {isa = PBXBuildFile; fileRef = EA29D2A41DE7E44800568B03 /* Assets.xcassets */; };
		EA29D2A81DE7E44800568B03 /* LaunchScreen.storyboard in Resources */ = {isa = PBXBuildFile; fileRef = EA29D2A61DE7E44800568B03 /* LaunchScreen.storyboard */; };
/* End PBXBuildFile section */

/* Begin PBXFileReference section */
		EA29D2971DE7E44800568B03 /* temp.app */ = {isa = PBXFileReference; explicitFileType = wrapper.application; includeInIndex = 0; path = temp.app; sourceTree = BUILT_PRODUCTS_DIR; };
		EA29D29A1DE7E44800568B03 /* AppDelegate.swift */ = {isa = PBXFileReference; lastKnownFileType = sourcecode.swift; path = AppDelegate.swift; sourceTree = "<group>"; };
		EA29D29C1DE7E44800568B03 /* ViewController.swift */ = {isa = PBXFileReference; lastKnownFileType = sourcecode.swift; path = ViewController.swift; sourceTree = "<group>"; };
		EA29D29F1DE7E44800568B03 /* Base */ = {isa = PBXFileReference; lastKnownFileType = file.storyboard; name = Base; path = Base.lproj/Main.storyboard; sourceTree = "<group>"; };
		EA29D2A21DE7E44800568B03 /* temp.xcdatamodel */ = {isa = PBXFileReference; lastKnownFileType = wrapper.xcdatamodel; path = temp.xcdatamodel; sourceTree = "<group>"; };
		EA29D2A41DE7E44800568B03 /* Assets.xcassets */ = {isa = PBXFileReference; lastKnownFileType = folder.assetcatalog; path = Assets.xcassets; sourceTree = "<group>"; };
		EA29D2A71DE7E44800568B03 /* Base */ = {isa = PBXFileReference; lastKnownFileType = file.storyboard; name = Base; path = Base.lproj/LaunchScreen.storyboard; sourceTree = "<group>"; };
		EA29D2A91DE7E44800568B03 /* Info.plist */ = {isa = PBXFileReference; lastKnownFileType = text.plist.xml; path = Info.plist; sourceTree = "<group>"; };
/* End PBXFileReference section */

/* Begin PBXFrameworksBuildPhase section */
		EA29D2941DE7E44800568B03 /* Frameworks */ = {
			isa = PBXFrameworksBuildPhase;
			buildActionMask = 2147483647;
			files = (
			);
			runOnlyForDeploymentPostprocessing = 0;
		};
/* End PBXFrameworksBuildPhase section */

/* Begin PBXGroup section */
		EA29D28E1DE7E44800568B03 = {
			isa = PBXGroup;
			children = (
				EA29D2991DE7E44800568B03 /* temp */,
				EA29D2981DE7E44800568B03 /* Products */,
			);
			sourceTree = "<group>";
		};
		EA29D2981DE7E44800568B03 /* Products */ = {
			isa = PBXGroup;
			children = (
				EA29D2971DE7E44800568B03 /* temp.app */,
			);
			name = Products;
			sourceTree = "<group>";
		};
		EA29D2991DE7E44800568B03 /* temp */ = {
			isa = PBXGroup;
			children = (
				EA29D29A1DE7E44800568B03 /* AppDelegate.swift */,
				EA29D29C1DE7E44800568B03 /* ViewController.swift */,
				EA29D29E1DE7E44800568B03 /* Main.storyboard */,
				EA29D2A41DE7E44800568B03 /* Assets.xcassets */,
				EA29D2A61DE7E44800568B03 /* LaunchScreen.storyboard */,
				EA29D2A91DE7E44800568B03 /* Info.plist */,
				EA29D2A11DE7E44800568B03 /* temp.xcdatamodeld */,
			);
			path = temp;
			sourceTree = "<group>";
		};
/* End PBXGroup section */

/* Begin PBXNativeTarget section */
		EA29D2961DE7E44800568B03 /* temp */ = {
			isa = PBXNativeTarget;
			buildConfigurationList = EA29D2AC1DE7E44800568B03 /* Build configuration list for PBXNativeTarget "temp" */;
			buildPhases = (
				EA29D2931DE7E44800568B03 /* Sources */,
				EA29D2941DE7E44800568B03 /* Frameworks */,
				EA29D2951DE7E44800568B03 /* Resources */,
			);
			buildRules = (
			);
			dependencies = (
			);
			name = temp;
			productName = temp;
			productReference = EA29D2971DE7E44800568B03 /* temp.app */;
			productType = "com.apple.product-type.application";
		};
/* End PBXNativeTarget section */

/* Begin PBXProject section */
		EA29D28F1DE7E44800568B03 /* Project object */ = {
			isa = PBXProject;
			attributes = {
				LastSwiftUpdateCheck = 0820;
				LastUpgradeCheck = 0820;
				ORGANIZATIONNAME = zjajgyy;
				TargetAttributes = {
					EA29D2961DE7E44800568B03 = {
						CreatedOnToolsVersion = 8.2;
						ProvisioningStyle = Automatic;
					};
				};
			};
			buildConfigurationList = EA29D2921DE7E44800568B03 /* Build configuration list for PBXProject "temp" */;
			compatibilityVersion = "Xcode 3.2";
			developmentRegion = English;
			hasScannedForEncodings = 0;
			knownRegions = (
				en,
				Base,
			);
			mainGroup = EA29D28E1DE7E44800568B03;
			productRefGroup = EA29D2981DE7E44800568B03 /* Products */;
			projectDirPath = "";
			projectRoot = "";
			targets = (
				EA29D2961DE7E44800568B03 /* temp */,
			);
		};
/* End PBXProject section */

/* Begin PBXResourcesBuildPhase section */
		EA29D2951DE7E44800568B03 /* Resources */ = {
			isa = PBXResourcesBuildPhase;
			buildActionMask = 2147483647;
			files = (
				EA29D2A81DE7E44800568B03 /* LaunchScreen.storyboard in Resources */,
				EA29D2A51DE7E44800568B03 /* Assets.xcassets in Resources */,
				EA29D2A01DE7E44800568B03 /* Main.storyboard in Resources */,
			);
			runOnlyForDeploymentPostprocessing = 0;
		};
/* End PBXResourcesBuildPhase section */

/* Begin PBXSourcesBuildPhase section */
		EA29D2931DE7E44800568B03 /* Sources */ = {
			isa = PBXSourcesBuildPhase;
			buildActionMask = 2147483647;
			files = (
				EA29D29D1DE7E44800568B03 /* ViewController.swift in Sources */,
				EA29D29B1DE7E44800568B03 /* AppDelegate.swift in Sources */,
				EA29D2A31DE7E44800568B03 /* temp.xcdatamodeld in Sources */,
			);
			runOnlyForDeploymentPostprocessing = 0;
		};
/* End PBXSourcesBuildPhase section */

/* Begin PBXVariantGroup section */
		EA29D29E1DE7E44800568B03 /* Main.storyboard */ = {
			isa = PBXVariantGroup;
			children = (
				EA29D29F1DE7E44800568B03 /* Base */,
			);
			name = Main.storyboard;
			sourceTree = "<group>";
		};
		EA29D2A61DE7E44800568B03 /* LaunchScreen.storyboard */ = {
			isa = PBXVariantGroup;
			children = (
				EA29D2A71DE7E44800568B03 /* Base */,
			);
			name = LaunchScreen.storyboard;
			sourceTree = "<group>";
		};
/* End PBXVariantGroup section */

/* Begin XCBuildConfiguration section */
		EA29D2AA1DE7E44800568B03 /* Debug */ = {
			isa = XCBuildConfiguration;
			buildSettings = {
				ALWAYS_SEARCH_USER_PATHS = NO;
				CLANG_ANALYZER_NONNULL = YES;
				CLANG_CXX_LANGUAGE_STANDARD = "gnu++0x";
				CLANG_CXX_LIBRARY = "libc++";
				CLANG_ENABLE_MODULES = YES;
				CLANG_ENABLE_OBJC_ARC = YES;
				CLANG_WARN_BOOL_CONVERSION = YES;
				CLANG_WARN_CONSTANT_CONVERSION = YES;
				CLANG_WARN_DIRECT_OBJC_ISA_USAGE = YES_ERROR;
				CLANG_WARN_DOCUMENTATION_COMMENTS = YES;
				CLANG_WARN_EMPTY_BODY = YES;
				CLANG_WARN_ENUM_CONVERSION = YES;
				CLANG_WARN_INFINITE_RECURSION = YES;
				CLANG_WARN_INT_CONVERSION = YES;
				CLANG_WARN_OBJC_ROOT_CLASS = YES_ERROR;
				CLANG_WARN_SUSPICIOUS_MOVE = YES;
				CLANG_WARN_UNREACHABLE_CODE = YES;
				CLANG_WARN__DUPLICATE_METHOD_MATCH = YES;
				"CODE_SIGN_IDENTITY[sdk=iphoneos*]" = "iPhone Developer";
				COPY_PHASE_STRIP = NO;
				DEBUG_INFORMATION_FORMAT = dwarf;
				ENABLE_STRICT_OBJC_MSGSEND = YES;
				ENABLE_TESTABILITY = YES;
				GCC_C_LANGUAGE_STANDARD = gnu99;
				GCC_DYNAMIC_NO_PIC = NO;
				GCC_NO_COMMON_BLOCKS = YES;
				GCC_OPTIMIZATION_LEVEL = 0;
				GCC_PREPROCESSOR_DEFINITIONS = (
					"DEBUG=1",
					"$(inherited)",
				);
				GCC_WARN_64_TO_32_BIT_CONVERSION = YES;
				GCC_WARN_ABOUT_RETURN_TYPE = YES_ERROR;
				GCC_WARN_UNDECLARED_SELECTOR = YES;
				GCC_WARN_UNINITIALIZED_AUTOS = YES_AGGRESSIVE;
				GCC_WARN_UNUSED_FUNCTION = YES;
				GCC_WARN_UNUSED_VARIABLE = YES;
				IPHONEOS_DEPLOYMENT_TARGET = 10.2;
				MTL_ENABLE_DEBUG_INFO = YES;
				ONLY_ACTIVE_ARCH = YES;
				SDKROOT = iphoneos;
				SWIFT_ACTIVE_COMPILATION_CONDITIONS = DEBUG;
				SWIFT_OPTIMIZATION_LEVEL = "-Onone";
			};
			name = Debug;
		};
		EA29D2AB1DE7E44800568B03 /* Release */ = {
			isa = XCBuildConfiguration;
			buildSettings = {
				ALWAYS_SEARCH_USER_PATHS = NO;
				CLANG_ANALYZER_NONNULL = YES;
				CLANG_CXX_LANGUAGE_STANDARD = "gnu++0x";
				CLANG_CXX_LIBRARY = "libc++";
				CLANG_ENABLE_MODULES = YES;
				CLANG_ENABLE_OBJC_ARC = YES;
				CLANG_WARN_BOOL_CONVERSION = YES;
				CLANG_WARN_CONSTANT_CONVERSION = YES;
				CLANG_WARN_DIRECT_OBJC_ISA_USAGE = YES_ERROR;
				CLANG_WARN_DOCUMENTATION_COMMENTS = YES;
				CLANG_WARN_EMPTY_BODY = YES;
				CLANG_WARN_ENUM_CONVERSION = YES;
				CLANG_WARN_INFINITE_RECURSION = YES;
				CLANG_WARN_INT_CONVERSION = YES;
				CLANG_WARN_OBJC_ROOT_CLASS = YES_ERROR;
				CLANG_WARN_SUSPICIOUS_MOVE = YES;
				CLANG_WARN_UNREACHABLE_CODE = YES;
				CLANG_WARN__DUPLICATE_METHOD_MATCH = YES;
				"CODE_SIGN_IDENTITY[sdk=iphoneos*]" = "iPhone Developer";
				COPY_PHASE_STRIP = NO;
				DEBUG_INFORMATION_FORMAT = "dwarf-with-dsym";
				ENABLE_NS_ASSERTIONS = NO;
				ENABLE_STRICT_OBJC_MSGSEND = YES;
				GCC_C_LANGUAGE_STANDARD = gnu99;
				GCC_NO_COMMON_BLOCKS = YES;
				GCC_WARN_64_TO_32_BIT_CONVERSION = YES;
				GCC_WARN_ABOUT_RETURN_TYPE = YES_ERROR;
				GCC_WARN_UNDECLARED_SELECTOR = YES;
				GCC_WARN_UNINITIALIZED_AUTOS = YES_AGGRESSIVE;
				GCC_WARN_UNUSED_FUNCTION = YES;
				GCC_WARN_UNUSED_VARIABLE = YES;
				IPHONEOS_DEPLOYMENT_TARGET = 10.2;
				MTL_ENABLE_DEBUG_INFO = NO;
				SDKROOT = iphoneos;
				SWIFT_OPTIMIZATION_LEVEL = "-Owholemodule";
				VALIDATE_PRODUCT = YES;
			};
			name = Release;
		};
		EA29D2AD1DE7E44800568B03 /* Debug */ = {
			isa = XCBuildConfiguration;
			buildSettings = {
				ASSETCATALOG_COMPILER_APPICON_NAME = AppIcon;
				INFOPLIST_FILE = temp/Info.plist;
				LD_RUNPATH_SEARCH_PATHS = "$(inherited) @executable_path/Frameworks";
				PRODUCT_BUNDLE_IDENTIFIER = self.edu.temp;
				PRODUCT_NAME = "$(TARGET_NAME)";
				SWIFT_VERSION = 3.0;
			};
			name = Debug;
		};
		EA29D2AE1DE7E44800568B03 /* Release */ = {
			isa = XCBuildConfiguration;
			buildSettings = {
				ASSETCATALOG_COMPILER_APPICON_NAME = AppIcon;
				INFOPLIST_FILE = temp/Info.plist;
				LD_RUNPATH_SEARCH_PATHS = "$(inherited) @executable_path/Frameworks";
				PRODUCT_BUNDLE_IDENTIFIER = self.edu.temp;
				PRODUCT_NAME = "$(TARGET_NAME)";
				SWIFT_VERSION = 3.0;
			};
			name = Release;
		};
/* End XCBuildConfiguration section */

/* Begin XCConfigurationList section */
		EA29D2921DE7E44800568B03 /* Build configuration list for PBXProject "temp" */ = {
			isa = XCConfigurationList;
			buildConfigurations = (
				EA29D2AA1DE7E44800568B03 /* Debug */,
				EA29D2AB1DE7E44800568B03 /* Release */,
			);
			defaultConfigurationIsVisible = 0;
			defaultConfigurationName = Release;
		};
		EA29D2AC1DE7E44800568B03 /* Build configuration list for PBXNativeTarget "temp" */ = {
			isa = XCConfigurationList;
			buildConfigurations = (
				EA29D2AD1DE7E44800568B03 /* Debug */,
				EA29D2AE1DE7E44800568B03 /* Release */,
			);
			defaultConfigurationIsVisible = 0;
		};
/* End XCConfigurationList section */

/* Begin XCVersionGroup section */
		EA29D2A11DE7E44800568B03 /* temp.xcdatamodeld */ = {
			isa = XCVersionGroup;
			children = (
				EA29D2A21DE7E44800568B03 /* temp.xcdatamodel */,
			);
			currentVersion = EA29D2A21DE7E44800568B03 /* temp.xcdatamodel */;
			path = temp.xcdatamodeld;
			sourceTree = "<group>";
			versionGroupType = wrapper.xcdatamodel;
		};
/* End XCVersionGroup section */
	};
	rootObject = EA29D28F1DE7E44800568B03 /* Project object */;
}
